
Microsoft Visual Studio Solution File, Format Version 12.00
# Visual Studio Version 16
VisualStudioVersion = 16.0.30717.126
MinimumVisualStudioVersion = 10.0.40219.1
Project("{FAE04EC0-301F-11D3-BF4B-00C04F79EFBC}") = "[2022][ExMAP]JulaMihai[10]", "[2022][ExMAP]JulaMihai[10].csproj", "{BEA29E1A-674E-4772-BD67-B8E216FC32C8}"
EndProject
Global
	GlobalSection(SolutionConfigurationPlatforms) = preSolution
		Debug|Any CPU = Debug|Any CPU
		Release|Any CPU = Release|Any CPU
	EndGlobalSection
	GlobalSection(ProjectConfigurationPlatforms) = postSolution
		{BEA29E1A-674E-4772-BD67-B8E216FC32C8}.Debug|Any CPU.ActiveCfg = Debug|Any CPU
		{BEA29E1A-674E-4772-BD67-B8E216FC32C8}.Debug|Any CPU.Build.0 = Debug|Any CPU
		{BEA29E1A-674E-4772-BD67-B8E216FC32C8}.Release|Any CPU.ActiveCfg = Release|Any CPU
		{BEA29E1A-674E-4772-BD67-B8E216FC32C8}.Release|Any CPU.Build.0 = Release|Any CPU
	EndGlobalSection
	GlobalSection(SolutionProperties) = preSolution
		HideSolutionNode = FALSE
	EndGlobalSection
	GlobalSection(ExtensibilityGlobals) = postSolution
		SolutionGuid = {65D9D9EF-2A7C-4831-888B-8E3BF003E6CF}
	EndGlobalSection
EndGlobal
